
Microsoft Visual Studio Solution File, Format Version 12.00
# Visual Studio Version 17
VisualStudioVersion = 17.7.34221.43
MinimumVisualStudioVersion = 10.0.40219.1
Project("{FAE04EC0-301F-11D3-BF4B-00C04F79EFBC}") = "TDD", "TDD\TDD.csproj", "{C7663060-4921-4C8F-9DE5-CD985F6CD58F}"
EndProject
Project("{FAE04EC0-301F-11D3-BF4B-00C04F79EFBC}") = "Domain", "Domain\Domain.csproj", "{A339022F-4820-487B-973F-B99CDC1C5436}"
EndProject
Project("{FAE04EC0-301F-11D3-BF4B-00C04F79EFBC}") = "WebTDD", "WebTDD\WebTDD.csproj", "{E33931F9-C7B4-4A45-B1EE-F6DBC426C762}"
EndProject
Global
	GlobalSection(SolutionConfigurationPlatforms) = preSolution
		Debug|Any CPU = Debug|Any CPU
		Release|Any CPU = Release|Any CPU
	EndGlobalSection
	GlobalSection(ProjectConfigurationPlatforms) = postSolution
		{C7663060-4921-4C8F-9DE5-CD985F6CD58F}.Debug|Any CPU.ActiveCfg = Debug|Any CPU
		{C7663060-4921-4C8F-9DE5-CD985F6CD58F}.Debug|Any CPU.Build.0 = Debug|Any CPU
		{C7663060-4921-4C8F-9DE5-CD985F6CD58F}.Release|Any CPU.ActiveCfg = Release|Any CPU
		{C7663060-4921-4C8F-9DE5-CD985F6CD58F}.Release|Any CPU.Build.0 = Release|Any CPU
		{A339022F-4820-487B-973F-B99CDC1C5436}.Debug|Any CPU.ActiveCfg = Debug|Any CPU
		{A339022F-4820-487B-973F-B99CDC1C5436}.Debug|Any CPU.Build.0 = Debug|Any CPU
		{A339022F-4820-487B-973F-B99CDC1C5436}.Release|Any CPU.ActiveCfg = Release|Any CPU
		{A339022F-4820-487B-973F-B99CDC1C5436}.Release|Any CPU.Build.0 = Release|Any CPU
		{E33931F9-C7B4-4A45-B1EE-F6DBC426C762}.Debug|Any CPU.ActiveCfg = Debug|Any CPU
		{E33931F9-C7B4-4A45-B1EE-F6DBC426C762}.Debug|Any CPU.Build.0 = Debug|Any CPU
		{E33931F9-C7B4-4A45-B1EE-F6DBC426C762}.Release|Any CPU.ActiveCfg = Release|Any CPU
		{E33931F9-C7B4-4A45-B1EE-F6DBC426C762}.Release|Any CPU.Build.0 = Release|Any CPU
	EndGlobalSection
	GlobalSection(SolutionProperties) = preSolution
		HideSolutionNode = FALSE
	EndGlobalSection
	GlobalSection(ExtensibilityGlobals) = postSolution
		SolutionGuid = {4E54D2E2-6DDD-468E-8A97-05960601DCD3}
	EndGlobalSection
EndGlobal
